// !$*UTF8*$!
{
	archiveVersion = 1;
	classes = {
	};
	objectVersion = 46;
	objects = {

/* Begin PBXBuildFile section */
		6E0433EA16DD48EF00BF77CB /* UIKit.framework in Frameworks */ = {isa = PBXBuildFile; fileRef = 6E0433E916DD48EF00BF77CB /* UIKit.framework */; };
		6E0433EC16DD48EF00BF77CB /* Foundation.framework in Frameworks */ = {isa = PBXBuildFile; fileRef = 6E0433EB16DD48EF00BF77CB /* Foundation.framework */; };
		6E0433EE16DD48EF00BF77CB /* CoreGraphics.framework in Frameworks */ = {isa = PBXBuildFile; fileRef = 6E0433ED16DD48EF00BF77CB /* CoreGraphics.framework */; };
		6E0433F416DD48EF00BF77CB /* InfoPlist.strings in Resources */ = {isa = PBXBuildFile; fileRef = 6E0433F216DD48EF00BF77CB /* InfoPlist.strings */; };
		6E0433F616DD48EF00BF77CB /* main.m in Sources */ = {isa = PBXBuildFile; fileRef = 6E0433F516DD48EF00BF77CB /* main.m */; };
		6E0433FA16DD48EF00BF77CB /* AppDelegate.m in Sources */ = {isa = PBXBuildFile; fileRef = 6E0433F916DD48EF00BF77CB /* AppDelegate.m */; };
		6E0433FC16DD48EF00BF77CB /* Default.png in Resources */ = {isa = PBXBuildFile; fileRef = 6E0433FB16DD48EF00BF77CB /* Default.png */; };
		6E0433FE16DD48EF00BF77CB /* Default@2x.png in Resources */ = {isa = PBXBuildFile; fileRef = 6E0433FD16DD48EF00BF77CB /* Default@2x.png */; };
		6E04340016DD48EF00BF77CB /* Default-568h@2x.png in Resources */ = {isa = PBXBuildFile; fileRef = 6E0433FF16DD48EF00BF77CB /* Default-568h@2x.png */; };
		6E04340316DD48EF00BF77CB /* MainStoryboard.storyboard in Resources */ = {isa = PBXBuildFile; fileRef = 6E04340116DD48EF00BF77CB /* MainStoryboard.storyboard */; };
		6E04340616DD48EF00BF77CB /* ViewController.m in Sources */ = {isa = PBXBuildFile; fileRef = 6E04340516DD48EF00BF77CB /* ViewController.m */; };
/* End PBXBuildFile section */

/* Begin PBXFileReference section */
		6E0433E516DD48EF00BF77CB /* om-NotificationCounter.app */ = {isa = PBXFileReference; explicitFileType = wrapper.application; includeInIndex = 0; path = "om-NotificationCounter.app"; sourceTree = BUILT_PRODUCTS_DIR; };
		6E0433E916DD48EF00BF77CB /* UIKit.framework */ = {isa = PBXFileReference; lastKnownFileType = wrapper.framework; name = UIKit.framework; path = System/Library/Frameworks/UIKit.framework; sourceTree = SDKROOT; };
		6E0433EB16DD48EF00BF77CB /* Foundation.framework */ = {isa = PBXFileReference; lastKnownFileType = wrapper.framework; name = Foundation.framework; path = System/Library/Frameworks/Foundation.framework; sourceTree = SDKROOT; };
		6E0433ED16DD48EF00BF77CB /* CoreGraphics.framework */ = {isa = PBXFileReference; lastKnownFileType = wrapper.framework; name = CoreGraphics.framework; path = System/Library/Frameworks/CoreGraphics.framework; sourceTree = SDKROOT; };
		6E0433F116DD48EF00BF77CB /* om-NotificationCounter-Info.plist */ = {isa = PBXFileReference; lastKnownFileType = text.plist.xml; path = "om-NotificationCounter-Info.plist"; sourceTree = "<group>"; };
		6E0433F316DD48EF00BF77CB /* en */ = {isa = PBXFileReference; lastKnownFileType = text.plist.strings; name = en; path = en.lproj/InfoPlist.strings; sourceTree = "<group>"; };
		6E0433F516DD48EF00BF77CB /* main.m */ = {isa = PBXFileReference; lastKnownFileType = sourcecode.c.objc; path = main.m; sourceTree = "<group>"; };
		6E0433F716DD48EF00BF77CB /* om-NotificationCounter-Prefix.pch */ = {isa = PBXFileReference; lastKnownFileType = sourcecode.c.h; path = "om-NotificationCounter-Prefix.pch"; sourceTree = "<group>"; };
		6E0433F816DD48EF00BF77CB /* AppDelegate.h */ = {isa = PBXFileReference; lastKnownFileType = sourcecode.c.h; path = AppDelegate.h; sourceTree = "<group>"; };
		6E0433F916DD48EF00BF77CB /* AppDelegate.m */ = {isa = PBXFileReference; lastKnownFileType = sourcecode.c.objc; path = AppDelegate.m; sourceTree = "<group>"; };
		6E0433FB16DD48EF00BF77CB /* Default.png */ = {isa = PBXFileReference; lastKnownFileType = image.png; path = Default.png; sourceTree = "<group>"; };
		6E0433FD16DD48EF00BF77CB /* Default@2x.png */ = {isa = PBXFileReference; lastKnownFileType = image.png; path = "Default@2x.png"; sourceTree = "<group>"; };
		6E0433FF16DD48EF00BF77CB /* Default-568h@2x.png */ = {isa = PBXFileReference; lastKnownFileType = image.png; path = "Default-568h@2x.png"; sourceTree = "<group>"; };
		6E04340216DD48EF00BF77CB /* en */ = {isa = PBXFileReference; lastKnownFileType = file.storyboard; name = en; path = en.lproj/MainStoryboard.storyboard; sourceTree = "<group>"; };
		6E04340416DD48EF00BF77CB /* ViewController.h */ = {isa = PBXFileReference; lastKnownFileType = sourcecode.c.h; path = ViewController.h; sourceTree = "<group>"; };
		6E04340516DD48EF00BF77CB /* ViewController.m */ = {isa = PBXFileReference; lastKnownFileType = sourcecode.c.objc; path = ViewController.m; sourceTree = "<group>"; };
/* End PBXFileReference section */

/* Begin PBXFrameworksBuildPhase section */
		6E0433E216DD48EF00BF77CB /* Frameworks */ = {
			isa = PBXFrameworksBuildPhase;
			buildActionMask = 2147483647;
			files = (
				6E0433EA16DD48EF00BF77CB /* UIKit.framework in Frameworks */,
				6E0433EC16DD48EF00BF77CB /* Foundation.framework in Frameworks */,
				6E0433EE16DD48EF00BF77CB /* CoreGraphics.framework in Frameworks */,
			);
			runOnlyForDeploymentPostprocessing = 0;
		};
/* End PBXFrameworksBuildPhase section */

/* Begin PBXGroup section */
		6E0433DA16DD48EF00BF77CB = {
			isa = PBXGroup;
			children = (
				6E0433EF16DD48EF00BF77CB /* om-NotificationCounter */,
				6E0433E816DD48EF00BF77CB /* Frameworks */,
				6E0433E616DD48EF00BF77CB /* Products */,
			);
			sourceTree = "<group>";
		};
		6E0433E616DD48EF00BF77CB /* Products */ = {
			isa = PBXGroup;
			children = (
				6E0433E516DD48EF00BF77CB /* om-NotificationCounter.app */,
			);
			name = Products;
			sourceTree = "<group>";
		};
		6E0433E816DD48EF00BF77CB /* Frameworks */ = {
			isa = PBXGroup;
			children = (
				6E0433E916DD48EF00BF77CB /* UIKit.framework */,
				6E0433EB16DD48EF00BF77CB /* Foundation.framework */,
				6E0433ED16DD48EF00BF77CB /* CoreGraphics.framework */,
			);
			name = Frameworks;
			sourceTree = "<group>";
		};
		6E0433EF16DD48EF00BF77CB /* om-NotificationCounter */ = {
			isa = PBXGroup;
			children = (
				6E0433F816DD48EF00BF77CB /* AppDelegate.h */,
				6E0433F916DD48EF00BF77CB /* AppDelegate.m */,
				6E04340116DD48EF00BF77CB /* MainStoryboard.storyboard */,
				6E04340416DD48EF00BF77CB /* ViewController.h */,
				6E04340516DD48EF00BF77CB /* ViewController.m */,
				6E0433F016DD48EF00BF77CB /* Supporting Files */,
			);
			path = "om-NotificationCounter";
			sourceTree = "<group>";
		};
		6E0433F016DD48EF00BF77CB /* Supporting Files */ = {
			isa = PBXGroup;
			children = (
				6E0433F116DD48EF00BF77CB /* om-NotificationCounter-Info.plist */,
				6E0433F216DD48EF00BF77CB /* InfoPlist.strings */,
				6E0433F516DD48EF00BF77CB /* main.m */,
				6E0433F716DD48EF00BF77CB /* om-NotificationCounter-Prefix.pch */,
				6E0433FB16DD48EF00BF77CB /* Default.png */,
				6E0433FD16DD48EF00BF77CB /* Default@2x.png */,
				6E0433FF16DD48EF00BF77CB /* Default-568h@2x.png */,
			);
			name = "Supporting Files";
			sourceTree = "<group>";
		};
/* End PBXGroup section */

/* Begin PBXNativeTarget section */
		6E0433E416DD48EF00BF77CB /* om-NotificationCounter */ = {
			isa = PBXNativeTarget;
			buildConfigurationList = 6E04340916DD48EF00BF77CB /* Build configuration list for PBXNativeTarget "om-NotificationCounter" */;
			buildPhases = (
				6E0433E116DD48EF00BF77CB /* Sources */,
				6E0433E216DD48EF00BF77CB /* Frameworks */,
				6E0433E316DD48EF00BF77CB /* Resources */,
			);
			buildRules = (
			);
			dependencies = (
			);
			name = "om-NotificationCounter";
			productName = "om-NotificationCounter";
			productReference = 6E0433E516DD48EF00BF77CB /* om-NotificationCounter.app */;
			productType = "com.apple.product-type.application";
		};
/* End PBXNativeTarget section */

/* Begin PBXProject section */
		6E0433DC16DD48EF00BF77CB /* Project object */ = {
			isa = PBXProject;
			attributes = {
				LastUpgradeCheck = 0450;
				ORGANIZATIONNAME = "Omkar Nisal";
			};
			buildConfigurationList = 6E0433DF16DD48EF00BF77CB /* Build configuration list for PBXProject "om-NotificationCounter" */;
			compatibilityVersion = "Xcode 3.2";
			developmentRegion = English;
			hasScannedForEncodings = 0;
			knownRegions = (
				en,
			);
			mainGroup = 6E0433DA16DD48EF00BF77CB;
			productRefGroup = 6E0433E616DD48EF00BF77CB /* Products */;
			projectDirPath = "";
			projectRoot = "";
			targets = (
				6E0433E416DD48EF00BF77CB /* om-NotificationCounter */,
			);
		};
/* End PBXProject section */

/* Begin PBXResourcesBuildPhase section */
		6E0433E316DD48EF00BF77CB /* Resources */ = {
			isa = PBXResourcesBuildPhase;
			buildActionMask = 2147483647;
			files = (
				6E0433F416DD48EF00BF77CB /* InfoPlist.strings in Resources */,
				6E0433FC16DD48EF00BF77CB /* Default.png in Resources */,
				6E0433FE16DD48EF00BF77CB /* Default@2x.png in Resources */,
				6E04340016DD48EF00BF77CB /* Default-568h@2x.png in Resources */,
				6E04340316DD48EF00BF77CB /* MainStoryboard.storyboard in Resources */,
			);
			runOnlyForDeploymentPostprocessing = 0;
		};
/* End PBXResourcesBuildPhase section */

/* Begin PBXSourcesBuildPhase section */
		6E0433E116DD48EF00BF77CB /* Sources */ = {
			isa = PBXSourcesBuildPhase;
			buildActionMask = 2147483647;
			files = (
				6E0433F616DD48EF00BF77CB /* main.m in Sources */,
				6E0433FA16DD48EF00BF77CB /* AppDelegate.m in Sources */,
				6E04340616DD48EF00BF77CB /* ViewController.m in Sources */,
			);
			runOnlyForDeploymentPostprocessing = 0;
		};
/* End PBXSourcesBuildPhase section */

/* Begin PBXVariantGroup section */
		6E0433F216DD48EF00BF77CB /* InfoPlist.strings */ = {
			isa = PBXVariantGroup;
			children = (
				6E0433F316DD48EF00BF77CB /* en */,
			);
			name = InfoPlist.strings;
			sourceTree = "<group>";
		};
		6E04340116DD48EF00BF77CB /* MainStoryboard.storyboard */ = {
			isa = PBXVariantGroup;
			children = (
				6E04340216DD48EF00BF77CB /* en */,
			);
			name = MainStoryboard.storyboard;
			sourceTree = "<group>";
		};
/* End PBXVariantGroup section */

/* Begin XCBuildConfiguration section */
		6E04340716DD48EF00BF77CB /* Debug */ = {
			isa = XCBuildConfiguration;
			buildSettings = {
				ALWAYS_SEARCH_USER_PATHS = NO;
				CLANG_CXX_LANGUAGE_STANDARD = "gnu++0x";
				CLANG_CXX_LIBRARY = "libc++";
				CLANG_ENABLE_OBJC_ARC = YES;
				CLANG_WARN_EMPTY_BODY = YES;
				CLANG_WARN__DUPLICATE_METHOD_MATCH = YES;
				"CODE_SIGN_IDENTITY[sdk=iphoneos*]" = "iPhone Developer";
				COPY_PHASE_STRIP = NO;
				GCC_C_LANGUAGE_STANDARD = gnu99;
				GCC_DYNAMIC_NO_PIC = NO;
				GCC_OPTIMIZATION_LEVEL = 0;
				GCC_PREPROCESSOR_DEFINITIONS = (
					"DEBUG=1",
					"$(inherited)",
				);
				GCC_SYMBOLS_PRIVATE_EXTERN = NO;
				GCC_WARN_ABOUT_RETURN_TYPE = YES;
				GCC_WARN_UNINITIALIZED_AUTOS = YES;
				GCC_WARN_UNUSED_VARIABLE = YES;
				IPHONEOS_DEPLOYMENT_TARGET = 6.0;
				ONLY_ACTIVE_ARCH = YES;
				SDKROOT = iphoneos;
			};
			name = Debug;
		};
		6E04340816DD48EF00BF77CB /* Release */ = {
			isa = XCBuildConfiguration;
			buildSettings = {
				ALWAYS_SEARCH_USER_PATHS = NO;
				CLANG_CXX_LANGUAGE_STANDARD = "gnu++0x";
				CLANG_CXX_LIBRARY = "libc++";
				CLANG_ENABLE_OBJC_ARC = YES;
				CLANG_WARN_EMPTY_BODY = YES;
				CLANG_WARN__DUPLICATE_METHOD_MATCH = YES;
				"CODE_SIGN_IDENTITY[sdk=iphoneos*]" = "iPhone Developer";
				COPY_PHASE_STRIP = YES;
				GCC_C_LANGUAGE_STANDARD = gnu99;
				GCC_WARN_ABOUT_RETURN_TYPE = YES;
				GCC_WARN_UNINITIALIZED_AUTOS = YES;
				GCC_WARN_UNUSED_VARIABLE = YES;
				IPHONEOS_DEPLOYMENT_TARGET = 6.0;
				OTHER_CFLAGS = "-DNS_BLOCK_ASSERTIONS=1";
				SDKROOT = iphoneos;
				VALIDATE_PRODUCT = YES;
			};
			name = Release;
		};
		6E04340A16DD48EF00BF77CB /* Debug */ = {
			isa = XCBuildConfiguration;
			buildSettings = {
				GCC_PRECOMPILE_PREFIX_HEADER = YES;
				GCC_PREFIX_HEADER = "om-NotificationCounter/om-NotificationCounter-Prefix.pch";
				INFOPLIST_FILE = "om-NotificationCounter/om-NotificationCounter-Info.plist";
				PRODUCT_NAME = "$(TARGET_NAME)";
				WRAPPER_EXTENSION = app;
			};
			name = Debug;
		};
		6E04340B16DD48EF00BF77CB /* Release */ = {
			isa = XCBuildConfiguration;
			buildSettings = {
				GCC_PRECOMPILE_PREFIX_HEADER = YES;
				GCC_PREFIX_HEADER = "om-NotificationCounter/om-NotificationCounter-Prefix.pch";
				INFOPLIST_FILE = "om-NotificationCounter/om-NotificationCounter-Info.plist";
				PRODUCT_NAME = "$(TARGET_NAME)";
				WRAPPER_EXTENSION = app;
			};
			name = Release;
		};
/* End XCBuildConfiguration section */

/* Begin XCConfigurationList section */
		6E0433DF16DD48EF00BF77CB /* Build configuration list for PBXProject "om-NotificationCounter" */ = {
			isa = XCConfigurationList;
			buildConfigurations = (
				6E04340716DD48EF00BF77CB /* Debug */,
				6E04340816DD48EF00BF77CB /* Release */,
			);
			defaultConfigurationIsVisible = 0;
			defaultConfigurationName = Release;
		};
		6E04340916DD48EF00BF77CB /* Build configuration list for PBXNativeTarget "om-NotificationCounter" */ = {
			isa = XCConfigurationList;
			buildConfigurations = (
				6E04340A16DD48EF00BF77CB /* Debug */,
				6E04340B16DD48EF00BF77CB /* Release */,
			);
			defaultConfigurationIsVisible = 0;
		};
/* End XCConfigurationList section */
	};
	rootObject = 6E0433DC16DD48EF00BF77CB /* Project object */;
}
